
Microsoft Visual Studio Solution File, Format Version 12.00
# Visual Studio 15
VisualStudioVersion = 15.0.28010.2046
MinimumVisualStudioVersion = 10.0.40219.1
Project("{FAE04EC0-301F-11D3-BF4B-00C04F79EFBC}") = "AutosDataAnnotation", "AutosDataAnnotation\AutosDataAnnotation.csproj", "{0FBC82D8-8035-47DF-BF22-D3F3EE6DFECE}"
EndProject
Global
	GlobalSection(SolutionConfigurationPlatforms) = preSolution
		Debug|Any CPU = Debug|Any CPU
		Release|Any CPU = Release|Any CPU
	EndGlobalSection
	GlobalSection(ProjectConfigurationPlatforms) = postSolution
		{0FBC82D8-8035-47DF-BF22-D3F3EE6DFECE}.Debug|Any CPU.ActiveCfg = Debug|Any CPU
		{0FBC82D8-8035-47DF-BF22-D3F3EE6DFECE}.Debug|Any CPU.Build.0 = Debug|Any CPU
		{0FBC82D8-8035-47DF-BF22-D3F3EE6DFECE}.Release|Any CPU.ActiveCfg = Release|Any CPU
		{0FBC82D8-8035-47DF-BF22-D3F3EE6DFECE}.Release|Any CPU.Build.0 = Release|Any CPU
	EndGlobalSection
	GlobalSection(SolutionProperties) = preSolution
		HideSolutionNode = FALSE
	EndGlobalSection
	GlobalSection(ExtensibilityGlobals) = postSolution
		SolutionGuid = {EAEDDBB2-6B8E-4BAD-B953-F29D38D1C693}
	EndGlobalSection
EndGlobal
